
Microsoft Visual Studio Solution File, Format Version 12.00
# Visual Studio 15
VisualStudioVersion = 15.0.27004.2009
MinimumVisualStudioVersion = 10.0.40219.1
Project("{FAE04EC0-301F-11D3-BF4B-00C04F79EFBC}") = "Osu Simulation", "Osu Simulation\Osu Simulation.csproj", "{E2F9668E-1374-432E-84F1-9761443A3F89}"
EndProject
Global
	GlobalSection(SolutionConfigurationPlatforms) = preSolution
		Debug|x86 = Debug|x86
		Release|x86 = Release|x86
	EndGlobalSection
	GlobalSection(ProjectConfigurationPlatforms) = postSolution
		{E2F9668E-1374-432E-84F1-9761443A3F89}.Debug|x86.ActiveCfg = Debug|x86
		{E2F9668E-1374-432E-84F1-9761443A3F89}.Debug|x86.Build.0 = Debug|x86
		{E2F9668E-1374-432E-84F1-9761443A3F89}.Release|x86.ActiveCfg = Release|x86
		{E2F9668E-1374-432E-84F1-9761443A3F89}.Release|x86.Build.0 = Release|x86
	EndGlobalSection
	GlobalSection(SolutionProperties) = preSolution
		HideSolutionNode = FALSE
	EndGlobalSection
	GlobalSection(ExtensibilityGlobals) = postSolution
		SolutionGuid = {D7EECDCB-B5E3-498D-899C-CBC5E47258EF}
	EndGlobalSection
EndGlobal
